
Microsoft Visual Studio Solution File, Format Version 12.00
# Visual Studio Version 17
VisualStudioVersion = 17.6.33815.320
MinimumVisualStudioVersion = 10.0.40219.1
Project("{2150E333-8FDC-42A3-9474-1A3956D46DE8}") = "Shared", "Shared", "{035153E3-FE8E-46C2-A598-748AD42E85A7}"
EndProject
Project("{2150E333-8FDC-42A3-9474-1A3956D46DE8}") = "Modules", "Modules", "{34D240DC-A39F-435C-A1D4-028393662570}"
EndProject
Project("{9A19103F-16F7-4668-BE54-9A1E7A4F7556}") = "Shared.Domain", "Shared\Shared.Domain\Shared.Domain.csproj", "{56C5B9A4-F0D8-466E-BE02-BCF65C6D01BA}"
EndProject
Project("{9A19103F-16F7-4668-BE54-9A1E7A4F7556}") = "Shared.Infrastructure", "Shared\Shared.Infrastructure\Shared.Infrastructure.csproj", "{C77B55A4-65E1-4AAA-B59F-A52FE614FAE6}"
EndProject
Project("{9A19103F-16F7-4668-BE54-9A1E7A4F7556}") = "Shared.Application", "Shared\Shared.Application\Shared.Application.csproj", "{98D6F91F-0F77-4473-A347-ADFD90E3C313}"
EndProject
Project("{2150E333-8FDC-42A3-9474-1A3956D46DE8}") = "Host", "Host", "{B4389996-D576-450A-ACB6-BBE584D4D86A}"
EndProject
Project("{FAE04EC0-301F-11D3-BF4B-00C04F79EFBC}") = "API", "Host\API\API.csproj", "{41E42499-8DF9-478A-94FE-BF950E8FFB27}"
EndProject
Project("{2150E333-8FDC-42A3-9474-1A3956D46DE8}") = "Authentication", "Authentication", "{AF1838BF-1CE0-4AF7-AFCD-851DB4702679}"
EndProject
Project("{2150E333-8FDC-42A3-9474-1A3956D46DE8}") = "Chat", "Chat", "{D8AE365E-C826-4409-82C2-C550B056D13B}"
EndProject
Project("{FAE04EC0-301F-11D3-BF4B-00C04F79EFBC}") = "Modules.Authentication", "Modules\Authentication\Modules.Authentication\Modules.Authentication.csproj", "{89E55D97-F80B-4A6A-AF85-4C836B3E7400}"
EndProject
Project("{FAE04EC0-301F-11D3-BF4B-00C04F79EFBC}") = "Modules.Authentication.Domain", "Modules\Authentication\Modules.Authentication.Domain\Modules.Authentication.Domain.csproj", "{CB7224E1-4FDE-4A0F-AB3F-B6A9AD99CB0A}"
EndProject
Project("{FAE04EC0-301F-11D3-BF4B-00C04F79EFBC}") = "Modules.Authentication.Infrastructure", "Modules\Authentication\Modules.Authentication.Infrastructure\Modules.Authentication.Infrastructure.csproj", "{8617DFC9-2045-4771-AFEE-65A96EF62D48}"
EndProject
Project("{FAE04EC0-301F-11D3-BF4B-00C04F79EFBC}") = "Modules.Authentication.Application", "Modules\Authentication\Modules.Authentication.Application\Modules.Authentication.Application.csproj", "{11632C30-008D-49BE-91E8-F355EC151F48}"
EndProject
Project("{FAE04EC0-301F-11D3-BF4B-00C04F79EFBC}") = "Modules.Chat", "Modules.Chat\Modules.Chat.csproj", "{599125C1-6E54-412B-8702-83825FC7D596}"
EndProject
Project("{FAE04EC0-301F-11D3-BF4B-00C04F79EFBC}") = "Modules.Chat.Domain", "Modules.Chat.Domain\Modules.Chat.Domain.csproj", "{22CB721E-B1C4-4AB6-BFB7-3CD19619FD16}"
EndProject
Project("{FAE04EC0-301F-11D3-BF4B-00C04F79EFBC}") = "Modules.Chat.Infrastructure", "Modules.Chat.Infrastructure\Modules.Chat.Infrastructure.csproj", "{615BD4AD-7254-4267-B4EC-CFAAE3FF2EA0}"
EndProject
Project("{FAE04EC0-301F-11D3-BF4B-00C04F79EFBC}") = "Modules.Chat.Application", "Modules.Chat.Application\Modules.Chat.Application.csproj", "{7D89162B-C07A-4E3C-9ECA-ADC859BF270A}"
EndProject
Global
	GlobalSection(SolutionConfigurationPlatforms) = preSolution
		Debug|Any CPU = Debug|Any CPU
		Release|Any CPU = Release|Any CPU
	EndGlobalSection
	GlobalSection(ProjectConfigurationPlatforms) = postSolution
		{56C5B9A4-F0D8-466E-BE02-BCF65C6D01BA}.Debug|Any CPU.ActiveCfg = Debug|Any CPU
		{56C5B9A4-F0D8-466E-BE02-BCF65C6D01BA}.Debug|Any CPU.Build.0 = Debug|Any CPU
		{56C5B9A4-F0D8-466E-BE02-BCF65C6D01BA}.Release|Any CPU.ActiveCfg = Release|Any CPU
		{56C5B9A4-F0D8-466E-BE02-BCF65C6D01BA}.Release|Any CPU.Build.0 = Release|Any CPU
		{C77B55A4-65E1-4AAA-B59F-A52FE614FAE6}.Debug|Any CPU.ActiveCfg = Debug|Any CPU
		{C77B55A4-65E1-4AAA-B59F-A52FE614FAE6}.Debug|Any CPU.Build.0 = Debug|Any CPU
		{C77B55A4-65E1-4AAA-B59F-A52FE614FAE6}.Release|Any CPU.ActiveCfg = Release|Any CPU
		{C77B55A4-65E1-4AAA-B59F-A52FE614FAE6}.Release|Any CPU.Build.0 = Release|Any CPU
		{98D6F91F-0F77-4473-A347-ADFD90E3C313}.Debug|Any CPU.ActiveCfg = Debug|Any CPU
		{98D6F91F-0F77-4473-A347-ADFD90E3C313}.Debug|Any CPU.Build.0 = Debug|Any CPU
		{98D6F91F-0F77-4473-A347-ADFD90E3C313}.Release|Any CPU.ActiveCfg = Release|Any CPU
		{98D6F91F-0F77-4473-A347-ADFD90E3C313}.Release|Any CPU.Build.0 = Release|Any CPU
		{41E42499-8DF9-478A-94FE-BF950E8FFB27}.Debug|Any CPU.ActiveCfg = Debug|Any CPU
		{41E42499-8DF9-478A-94FE-BF950E8FFB27}.Debug|Any CPU.Build.0 = Debug|Any CPU
		{41E42499-8DF9-478A-94FE-BF950E8FFB27}.Release|Any CPU.ActiveCfg = Release|Any CPU
		{41E42499-8DF9-478A-94FE-BF950E8FFB27}.Release|Any CPU.Build.0 = Release|Any CPU
		{89E55D97-F80B-4A6A-AF85-4C836B3E7400}.Debug|Any CPU.ActiveCfg = Debug|Any CPU
		{89E55D97-F80B-4A6A-AF85-4C836B3E7400}.Debug|Any CPU.Build.0 = Debug|Any CPU
		{89E55D97-F80B-4A6A-AF85-4C836B3E7400}.Release|Any CPU.ActiveCfg = Release|Any CPU
		{89E55D97-F80B-4A6A-AF85-4C836B3E7400}.Release|Any CPU.Build.0 = Release|Any CPU
		{CB7224E1-4FDE-4A0F-AB3F-B6A9AD99CB0A}.Debug|Any CPU.ActiveCfg = Debug|Any CPU
		{CB7224E1-4FDE-4A0F-AB3F-B6A9AD99CB0A}.Debug|Any CPU.Build.0 = Debug|Any CPU
		{CB7224E1-4FDE-4A0F-AB3F-B6A9AD99CB0A}.Release|Any CPU.ActiveCfg = Release|Any CPU
		{CB7224E1-4FDE-4A0F-AB3F-B6A9AD99CB0A}.Release|Any CPU.Build.0 = Release|Any CPU
		{8617DFC9-2045-4771-AFEE-65A96EF62D48}.Debug|Any CPU.ActiveCfg = Debug|Any CPU
		{8617DFC9-2045-4771-AFEE-65A96EF62D48}.Debug|Any CPU.Build.0 = Debug|Any CPU
		{8617DFC9-2045-4771-AFEE-65A96EF62D48}.Release|Any CPU.ActiveCfg = Release|Any CPU
		{8617DFC9-2045-4771-AFEE-65A96EF62D48}.Release|Any CPU.Build.0 = Release|Any CPU
		{11632C30-008D-49BE-91E8-F355EC151F48}.Debug|Any CPU.ActiveCfg = Debug|Any CPU
		{11632C30-008D-49BE-91E8-F355EC151F48}.Debug|Any CPU.Build.0 = Debug|Any CPU
		{11632C30-008D-49BE-91E8-F355EC151F48}.Release|Any CPU.ActiveCfg = Release|Any CPU
		{11632C30-008D-49BE-91E8-F355EC151F48}.Release|Any CPU.Build.0 = Release|Any CPU
		{599125C1-6E54-412B-8702-83825FC7D596}.Debug|Any CPU.ActiveCfg = Debug|Any CPU
		{599125C1-6E54-412B-8702-83825FC7D596}.Debug|Any CPU.Build.0 = Debug|Any CPU
		{599125C1-6E54-412B-8702-83825FC7D596}.Release|Any CPU.ActiveCfg = Release|Any CPU
		{599125C1-6E54-412B-8702-83825FC7D596}.Release|Any CPU.Build.0 = Release|Any CPU
		{22CB721E-B1C4-4AB6-BFB7-3CD19619FD16}.Debug|Any CPU.ActiveCfg = Debug|Any CPU
		{22CB721E-B1C4-4AB6-BFB7-3CD19619FD16}.Debug|Any CPU.Build.0 = Debug|Any CPU
		{22CB721E-B1C4-4AB6-BFB7-3CD19619FD16}.Release|Any CPU.ActiveCfg = Release|Any CPU
		{22CB721E-B1C4-4AB6-BFB7-3CD19619FD16}.Release|Any CPU.Build.0 = Release|Any CPU
		{615BD4AD-7254-4267-B4EC-CFAAE3FF2EA0}.Debug|Any CPU.ActiveCfg = Debug|Any CPU
		{615BD4AD-7254-4267-B4EC-CFAAE3FF2EA0}.Debug|Any CPU.Build.0 = Debug|Any CPU
		{615BD4AD-7254-4267-B4EC-CFAAE3FF2EA0}.Release|Any CPU.ActiveCfg = Release|Any CPU
		{615BD4AD-7254-4267-B4EC-CFAAE3FF2EA0}.Release|Any CPU.Build.0 = Release|Any CPU
		{7D89162B-C07A-4E3C-9ECA-ADC859BF270A}.Debug|Any CPU.ActiveCfg = Debug|Any CPU
		{7D89162B-C07A-4E3C-9ECA-ADC859BF270A}.Debug|Any CPU.Build.0 = Debug|Any CPU
		{7D89162B-C07A-4E3C-9ECA-ADC859BF270A}.Release|Any CPU.ActiveCfg = Release|Any CPU
		{7D89162B-C07A-4E3C-9ECA-ADC859BF270A}.Release|Any CPU.Build.0 = Release|Any CPU
	EndGlobalSection
	GlobalSection(SolutionProperties) = preSolution
		HideSolutionNode = FALSE
	EndGlobalSection
	GlobalSection(NestedProjects) = preSolution
		{56C5B9A4-F0D8-466E-BE02-BCF65C6D01BA} = {035153E3-FE8E-46C2-A598-748AD42E85A7}
		{C77B55A4-65E1-4AAA-B59F-A52FE614FAE6} = {035153E3-FE8E-46C2-A598-748AD42E85A7}
		{98D6F91F-0F77-4473-A347-ADFD90E3C313} = {035153E3-FE8E-46C2-A598-748AD42E85A7}
		{41E42499-8DF9-478A-94FE-BF950E8FFB27} = {B4389996-D576-450A-ACB6-BBE584D4D86A}
		{AF1838BF-1CE0-4AF7-AFCD-851DB4702679} = {34D240DC-A39F-435C-A1D4-028393662570}
		{D8AE365E-C826-4409-82C2-C550B056D13B} = {34D240DC-A39F-435C-A1D4-028393662570}
		{89E55D97-F80B-4A6A-AF85-4C836B3E7400} = {AF1838BF-1CE0-4AF7-AFCD-851DB4702679}
		{CB7224E1-4FDE-4A0F-AB3F-B6A9AD99CB0A} = {AF1838BF-1CE0-4AF7-AFCD-851DB4702679}
		{8617DFC9-2045-4771-AFEE-65A96EF62D48} = {AF1838BF-1CE0-4AF7-AFCD-851DB4702679}
		{11632C30-008D-49BE-91E8-F355EC151F48} = {AF1838BF-1CE0-4AF7-AFCD-851DB4702679}
		{599125C1-6E54-412B-8702-83825FC7D596} = {D8AE365E-C826-4409-82C2-C550B056D13B}
		{22CB721E-B1C4-4AB6-BFB7-3CD19619FD16} = {D8AE365E-C826-4409-82C2-C550B056D13B}
		{615BD4AD-7254-4267-B4EC-CFAAE3FF2EA0} = {D8AE365E-C826-4409-82C2-C550B056D13B}
		{7D89162B-C07A-4E3C-9ECA-ADC859BF270A} = {D8AE365E-C826-4409-82C2-C550B056D13B}
	EndGlobalSection
	GlobalSection(ExtensibilityGlobals) = postSolution
		SolutionGuid = {B912BA3F-FFAE-42D0-B153-8938284E1EB5}
	EndGlobalSection
EndGlobal
